// !$*UTF8*$!
{
	archiveVersion = 1;
	classes = {
	};
	objectVersion = 46;
	objects = {

/* Begin PBXBuildFile section */
		271B652018EA6BC1004227B3 /* Foundation.framework in Frameworks */ = {isa = PBXBuildFile; fileRef = 271B651F18EA6BC1004227B3 /* Foundation.framework */; };
		271B652218EA6BC1004227B3 /* CoreGraphics.framework in Frameworks */ = {isa = PBXBuildFile; fileRef = 271B652118EA6BC1004227B3 /* CoreGraphics.framework */; };
		271B652418EA6BC1004227B3 /* UIKit.framework in Frameworks */ = {isa = PBXBuildFile; fileRef = 271B652318EA6BC1004227B3 /* UIKit.framework */; };
		271B652A18EA6BC1004227B3 /* InfoPlist.strings in Resources */ = {isa = PBXBuildFile; fileRef = 271B652818EA6BC1004227B3 /* InfoPlist.strings */; };
		271B652C18EA6BC1004227B3 /* main.m in Sources */ = {isa = PBXBuildFile; fileRef = 271B652B18EA6BC1004227B3 /* main.m */; };
		271B653018EA6BC1004227B3 /* AJKAppDelegate.m in Sources */ = {isa = PBXBuildFile; fileRef = 271B652F18EA6BC1004227B3 /* AJKAppDelegate.m */; };
		271B653218EA6BC1004227B3 /* Images.xcassets in Resources */ = {isa = PBXBuildFile; fileRef = 271B653118EA6BC1004227B3 /* Images.xcassets */; };
		271B653918EA6BC1004227B3 /* XCTest.framework in Frameworks */ = {isa = PBXBuildFile; fileRef = 271B653818EA6BC1004227B3 /* XCTest.framework */; };
		271B653A18EA6BC1004227B3 /* Foundation.framework in Frameworks */ = {isa = PBXBuildFile; fileRef = 271B651F18EA6BC1004227B3 /* Foundation.framework */; };
		271B653B18EA6BC1004227B3 /* UIKit.framework in Frameworks */ = {isa = PBXBuildFile; fileRef = 271B652318EA6BC1004227B3 /* UIKit.framework */; };
		271B654318EA6BC1004227B3 /* InfoPlist.strings in Resources */ = {isa = PBXBuildFile; fileRef = 271B654118EA6BC1004227B3 /* InfoPlist.strings */; };
		271B654518EA6BC1004227B3 /* PushBackDemoTests.m in Sources */ = {isa = PBXBuildFile; fileRef = 271B654418EA6BC1004227B3 /* PushBackDemoTests.m */; };
		271B655418EA7838004227B3 /* AJKMainViewController.m in Sources */ = {isa = PBXBuildFile; fileRef = 271B655318EA7838004227B3 /* AJKMainViewController.m */; };
		271B655718EA79C9004227B3 /* PushBackNavigationController.m in Sources */ = {isa = PBXBuildFile; fileRef = 271B655618EA79C9004227B3 /* PushBackNavigationController.m */; };
/* End PBXBuildFile section */

/* Begin PBXContainerItemProxy section */
		271B653C18EA6BC1004227B3 /* PBXContainerItemProxy */ = {
			isa = PBXContainerItemProxy;
			containerPortal = 271B651418EA6BC1004227B3 /* Project object */;
			proxyType = 1;
			remoteGlobalIDString = 271B651B18EA6BC1004227B3;
			remoteInfo = PushBackDemo;
		};
/* End PBXContainerItemProxy section */

/* Begin PBXFileReference section */
		271B651C18EA6BC1004227B3 /* PushBackDemo.app */ = {isa = PBXFileReference; explicitFileType = wrapper.application; includeInIndex = 0; path = PushBackDemo.app; sourceTree = BUILT_PRODUCTS_DIR; };
		271B651F18EA6BC1004227B3 /* Foundation.framework */ = {isa = PBXFileReference; lastKnownFileType = wrapper.framework; name = Foundation.framework; path = System/Library/Frameworks/Foundation.framework; sourceTree = SDKROOT; };
		271B652118EA6BC1004227B3 /* CoreGraphics.framework */ = {isa = PBXFileReference; lastKnownFileType = wrapper.framework; name = CoreGraphics.framework; path = System/Library/Frameworks/CoreGraphics.framework; sourceTree = SDKROOT; };
		271B652318EA6BC1004227B3 /* UIKit.framework */ = {isa = PBXFileReference; lastKnownFileType = wrapper.framework; name = UIKit.framework; path = System/Library/Frameworks/UIKit.framework; sourceTree = SDKROOT; };
		271B652718EA6BC1004227B3 /* PushBackDemo-Info.plist */ = {isa = PBXFileReference; lastKnownFileType = text.plist.xml; path = "PushBackDemo-Info.plist"; sourceTree = "<group>"; };
		271B652918EA6BC1004227B3 /* en */ = {isa = PBXFileReference; lastKnownFileType = text.plist.strings; name = en; path = en.lproj/InfoPlist.strings; sourceTree = "<group>"; };
		271B652B18EA6BC1004227B3 /* main.m */ = {isa = PBXFileReference; lastKnownFileType = sourcecode.c.objc; path = main.m; sourceTree = "<group>"; };
		271B652D18EA6BC1004227B3 /* PushBackDemo-Prefix.pch */ = {isa = PBXFileReference; lastKnownFileType = sourcecode.c.h; path = "PushBackDemo-Prefix.pch"; sourceTree = "<group>"; };
		271B652E18EA6BC1004227B3 /* AJKAppDelegate.h */ = {isa = PBXFileReference; lastKnownFileType = sourcecode.c.h; path = AJKAppDelegate.h; sourceTree = "<group>"; };
		271B652F18EA6BC1004227B3 /* AJKAppDelegate.m */ = {isa = PBXFileReference; lastKnownFileType = sourcecode.c.objc; path = AJKAppDelegate.m; sourceTree = "<group>"; };
		271B653118EA6BC1004227B3 /* Images.xcassets */ = {isa = PBXFileReference; lastKnownFileType = folder.assetcatalog; path = Images.xcassets; sourceTree = "<group>"; };
		271B653718EA6BC1004227B3 /* PushBackDemoTests.xctest */ = {isa = PBXFileReference; explicitFileType = wrapper.cfbundle; includeInIndex = 0; path = PushBackDemoTests.xctest; sourceTree = BUILT_PRODUCTS_DIR; };
		271B653818EA6BC1004227B3 /* XCTest.framework */ = {isa = PBXFileReference; lastKnownFileType = wrapper.framework; name = XCTest.framework; path = Library/Frameworks/XCTest.framework; sourceTree = DEVELOPER_DIR; };
		271B654018EA6BC1004227B3 /* PushBackDemoTests-Info.plist */ = {isa = PBXFileReference; lastKnownFileType = text.plist.xml; path = "PushBackDemoTests-Info.plist"; sourceTree = "<group>"; };
		271B654218EA6BC1004227B3 /* en */ = {isa = PBXFileReference; lastKnownFileType = text.plist.strings; name = en; path = en.lproj/InfoPlist.strings; sourceTree = "<group>"; };
		271B654418EA6BC1004227B3 /* PushBackDemoTests.m */ = {isa = PBXFileReference; lastKnownFileType = sourcecode.c.objc; path = PushBackDemoTests.m; sourceTree = "<group>"; };
		271B655218EA7838004227B3 /* AJKMainViewController.h */ = {isa = PBXFileReference; fileEncoding = 4; lastKnownFileType = sourcecode.c.h; path = AJKMainViewController.h; sourceTree = "<group>"; };
		271B655318EA7838004227B3 /* AJKMainViewController.m */ = {isa = PBXFileReference; fileEncoding = 4; lastKnownFileType = sourcecode.c.objc; path = AJKMainViewController.m; sourceTree = "<group>"; };
		271B655518EA79C9004227B3 /* PushBackNavigationController.h */ = {isa = PBXFileReference; fileEncoding = 4; lastKnownFileType = sourcecode.c.h; path = PushBackNavigationController.h; sourceTree = "<group>"; };
		271B655618EA79C9004227B3 /* PushBackNavigationController.m */ = {isa = PBXFileReference; fileEncoding = 4; lastKnownFileType = sourcecode.c.objc; path = PushBackNavigationController.m; sourceTree = "<group>"; };
/* End PBXFileReference section */

/* Begin PBXFrameworksBuildPhase section */
		271B651918EA6BC1004227B3 /* Frameworks */ = {
			isa = PBXFrameworksBuildPhase;
			buildActionMask = 2147483647;
			files = (
				271B652218EA6BC1004227B3 /* CoreGraphics.framework in Frameworks */,
				271B652418EA6BC1004227B3 /* UIKit.framework in Frameworks */,
				271B652018EA6BC1004227B3 /* Foundation.framework in Frameworks */,
			);
			runOnlyForDeploymentPostprocessing = 0;
		};
		271B653418EA6BC1004227B3 /* Frameworks */ = {
			isa = PBXFrameworksBuildPhase;
			buildActionMask = 2147483647;
			files = (
				271B653918EA6BC1004227B3 /* XCTest.framework in Frameworks */,
				271B653B18EA6BC1004227B3 /* UIKit.framework in Frameworks */,
				271B653A18EA6BC1004227B3 /* Foundation.framework in Frameworks */,
			);
			runOnlyForDeploymentPostprocessing = 0;
		};
/* End PBXFrameworksBuildPhase section */

/* Begin PBXGroup section */
		271B651318EA6BC1004227B3 = {
			isa = PBXGroup;
			children = (
				271B652518EA6BC1004227B3 /* PushBackDemo */,
				271B653E18EA6BC1004227B3 /* PushBackDemoTests */,
				271B651E18EA6BC1004227B3 /* Frameworks */,
				271B651D18EA6BC1004227B3 /* Products */,
			);
			sourceTree = "<group>";
		};
		271B651D18EA6BC1004227B3 /* Products */ = {
			isa = PBXGroup;
			children = (
				271B651C18EA6BC1004227B3 /* PushBackDemo.app */,
				271B653718EA6BC1004227B3 /* PushBackDemoTests.xctest */,
			);
			name = Products;
			sourceTree = "<group>";
		};
		271B651E18EA6BC1004227B3 /* Frameworks */ = {
			isa = PBXGroup;
			children = (
				271B651F18EA6BC1004227B3 /* Foundation.framework */,
				271B652118EA6BC1004227B3 /* CoreGraphics.framework */,
				271B652318EA6BC1004227B3 /* UIKit.framework */,
				271B653818EA6BC1004227B3 /* XCTest.framework */,
			);
			name = Frameworks;
			sourceTree = "<group>";
		};
		271B652518EA6BC1004227B3 /* PushBackDemo */ = {
			isa = PBXGroup;
			children = (
				271B654E18EA6BC7004227B3 /* pushBack */,
				271B652E18EA6BC1004227B3 /* AJKAppDelegate.h */,
				271B652F18EA6BC1004227B3 /* AJKAppDelegate.m */,
				271B655218EA7838004227B3 /* AJKMainViewController.h */,
				271B655318EA7838004227B3 /* AJKMainViewController.m */,
				271B653118EA6BC1004227B3 /* Images.xcassets */,
				271B652618EA6BC1004227B3 /* Supporting Files */,
			);
			path = PushBackDemo;
			sourceTree = "<group>";
		};
		271B652618EA6BC1004227B3 /* Supporting Files */ = {
			isa = PBXGroup;
			children = (
				271B652718EA6BC1004227B3 /* PushBackDemo-Info.plist */,
				271B652818EA6BC1004227B3 /* InfoPlist.strings */,
				271B652B18EA6BC1004227B3 /* main.m */,
				271B652D18EA6BC1004227B3 /* PushBackDemo-Prefix.pch */,
			);
			name = "Supporting Files";
			sourceTree = "<group>";
		};
		271B653E18EA6BC1004227B3 /* PushBackDemoTests */ = {
			isa = PBXGroup;
			children = (
				271B654418EA6BC1004227B3 /* PushBackDemoTests.m */,
				271B653F18EA6BC1004227B3 /* Supporting Files */,
			);
			path = PushBackDemoTests;
			sourceTree = "<group>";
		};
		271B653F18EA6BC1004227B3 /* Supporting Files */ = {
			isa = PBXGroup;
			children = (
				271B654018EA6BC1004227B3 /* PushBackDemoTests-Info.plist */,
				271B654118EA6BC1004227B3 /* InfoPlist.strings */,
			);
			name = "Supporting Files";
			sourceTree = "<group>";
		};
		271B654E18EA6BC7004227B3 /* pushBack */ = {
			isa = PBXGroup;
			children = (
				271B655518EA79C9004227B3 /* PushBackNavigationController.h */,
				271B655618EA79C9004227B3 /* PushBackNavigationController.m */,
			);
			name = pushBack;
			sourceTree = "<group>";
		};
/* End PBXGroup section */

/* Begin PBXNativeTarget section */
		271B651B18EA6BC1004227B3 /* PushBackDemo */ = {
			isa = PBXNativeTarget;
			buildConfigurationList = 271B654818EA6BC1004227B3 /* Build configuration list for PBXNativeTarget "PushBackDemo" */;
			buildPhases = (
				271B651818EA6BC1004227B3 /* Sources */,
				271B651918EA6BC1004227B3 /* Frameworks */,
				271B651A18EA6BC1004227B3 /* Resources */,
			);
			buildRules = (
			);
			dependencies = (
			);
			name = PushBackDemo;
			productName = PushBackDemo;
			productReference = 271B651C18EA6BC1004227B3 /* PushBackDemo.app */;
			productType = "com.apple.product-type.application";
		};
		271B653618EA6BC1004227B3 /* PushBackDemoTests */ = {
			isa = PBXNativeTarget;
			buildConfigurationList = 271B654B18EA6BC1004227B3 /* Build configuration list for PBXNativeTarget "PushBackDemoTests" */;
			buildPhases = (
				271B653318EA6BC1004227B3 /* Sources */,
				271B653418EA6BC1004227B3 /* Frameworks */,
				271B653518EA6BC1004227B3 /* Resources */,
			);
			buildRules = (
			);
			dependencies = (
				271B653D18EA6BC1004227B3 /* PBXTargetDependency */,
			);
			name = PushBackDemoTests;
			productName = PushBackDemoTests;
			productReference = 271B653718EA6BC1004227B3 /* PushBackDemoTests.xctest */;
			productType = "com.apple.product-type.bundle.unit-test";
		};
/* End PBXNativeTarget section */

/* Begin PBXProject section */
		271B651418EA6BC1004227B3 /* Project object */ = {
			isa = PBXProject;
			attributes = {
				CLASSPREFIX = AJK;
				LastUpgradeCheck = 0510;
				ORGANIZATIONNAME = "夏至";
				TargetAttributes = {
					271B653618EA6BC1004227B3 = {
						TestTargetID = 271B651B18EA6BC1004227B3;
					};
				};
			};
			buildConfigurationList = 271B651718EA6BC1004227B3 /* Build configuration list for PBXProject "PushBackDemo" */;
			compatibilityVersion = "Xcode 3.2";
			developmentRegion = English;
			hasScannedForEncodings = 0;
			knownRegions = (
				en,
			);
			mainGroup = 271B651318EA6BC1004227B3;
			productRefGroup = 271B651D18EA6BC1004227B3 /* Products */;
			projectDirPath = "";
			projectRoot = "";
			targets = (
				271B651B18EA6BC1004227B3 /* PushBackDemo */,
				271B653618EA6BC1004227B3 /* PushBackDemoTests */,
			);
		};
/* End PBXProject section */

/* Begin PBXResourcesBuildPhase section */
		271B651A18EA6BC1004227B3 /* Resources */ = {
			isa = PBXResourcesBuildPhase;
			buildActionMask = 2147483647;
			files = (
				271B652A18EA6BC1004227B3 /* InfoPlist.strings in Resources */,
				271B653218EA6BC1004227B3 /* Images.xcassets in Resources */,
			);
			runOnlyForDeploymentPostprocessing = 0;
		};
		271B653518EA6BC1004227B3 /* Resources */ = {
			isa = PBXResourcesBuildPhase;
			buildActionMask = 2147483647;
			files = (
				271B654318EA6BC1004227B3 /* InfoPlist.strings in Resources */,
			);
			runOnlyForDeploymentPostprocessing = 0;
		};
/* End PBXResourcesBuildPhase section */

/* Begin PBXSourcesBuildPhase section */
		271B651818EA6BC1004227B3 /* Sources */ = {
			isa = PBXSourcesBuildPhase;
			buildActionMask = 2147483647;
			files = (
				271B655418EA7838004227B3 /* AJKMainViewController.m in Sources */,
				271B652C18EA6BC1004227B3 /* main.m in Sources */,
				271B655718EA79C9004227B3 /* PushBackNavigationController.m in Sources */,
				271B653018EA6BC1004227B3 /* AJKAppDelegate.m in Sources */,
			);
			runOnlyForDeploymentPostprocessing = 0;
		};
		271B653318EA6BC1004227B3 /* Sources */ = {
			isa = PBXSourcesBuildPhase;
			buildActionMask = 2147483647;
			files = (
				271B654518EA6BC1004227B3 /* PushBackDemoTests.m in Sources */,
			);
			runOnlyForDeploymentPostprocessing = 0;
		};
/* End PBXSourcesBuildPhase section */

/* Begin PBXTargetDependency section */
		271B653D18EA6BC1004227B3 /* PBXTargetDependency */ = {
			isa = PBXTargetDependency;
			target = 271B651B18EA6BC1004227B3 /* PushBackDemo */;
			targetProxy = 271B653C18EA6BC1004227B3 /* PBXContainerItemProxy */;
		};
/* End PBXTargetDependency section */

/* Begin PBXVariantGroup section */
		271B652818EA6BC1004227B3 /* InfoPlist.strings */ = {
			isa = PBXVariantGroup;
			children = (
				271B652918EA6BC1004227B3 /* en */,
			);
			name = InfoPlist.strings;
			sourceTree = "<group>";
		};
		271B654118EA6BC1004227B3 /* InfoPlist.strings */ = {
			isa = PBXVariantGroup;
			children = (
				271B654218EA6BC1004227B3 /* en */,
			);
			name = InfoPlist.strings;
			sourceTree = "<group>";
		};
/* End PBXVariantGroup section */

/* Begin XCBuildConfiguration section */
		271B654618EA6BC1004227B3 /* Debug */ = {
			isa = XCBuildConfiguration;
			buildSettings = {
				ALWAYS_SEARCH_USER_PATHS = NO;
				CLANG_CXX_LANGUAGE_STANDARD = "gnu++0x";
				CLANG_CXX_LIBRARY = "libc++";
				CLANG_ENABLE_MODULES = YES;
				CLANG_ENABLE_OBJC_ARC = YES;
				CLANG_WARN_BOOL_CONVERSION = YES;
				CLANG_WARN_CONSTANT_CONVERSION = YES;
				CLANG_WARN_DIRECT_OBJC_ISA_USAGE = YES_ERROR;
				CLANG_WARN_EMPTY_BODY = YES;
				CLANG_WARN_ENUM_CONVERSION = YES;
				CLANG_WARN_INT_CONVERSION = YES;
				CLANG_WARN_OBJC_ROOT_CLASS = YES_ERROR;
				CLANG_WARN__DUPLICATE_METHOD_MATCH = YES;
				"CODE_SIGN_IDENTITY[sdk=iphoneos*]" = "iPhone Developer";
				COPY_PHASE_STRIP = NO;
				GCC_C_LANGUAGE_STANDARD = gnu99;
				GCC_DYNAMIC_NO_PIC = NO;
				GCC_OPTIMIZATION_LEVEL = 0;
				GCC_PREPROCESSOR_DEFINITIONS = (
					"DEBUG=1",
					"$(inherited)",
				);
				GCC_SYMBOLS_PRIVATE_EXTERN = NO;
				GCC_WARN_64_TO_32_BIT_CONVERSION = YES;
				GCC_WARN_ABOUT_RETURN_TYPE = YES_ERROR;
				GCC_WARN_UNDECLARED_SELECTOR = YES;
				GCC_WARN_UNINITIALIZED_AUTOS = YES_AGGRESSIVE;
				GCC_WARN_UNUSED_FUNCTION = YES;
				GCC_WARN_UNUSED_VARIABLE = YES;
				IPHONEOS_DEPLOYMENT_TARGET = 7.1;
				ONLY_ACTIVE_ARCH = YES;
				SDKROOT = iphoneos;
			};
			name = Debug;
		};
		271B654718EA6BC1004227B3 /* Release */ = {
			isa = XCBuildConfiguration;
			buildSettings = {
				ALWAYS_SEARCH_USER_PATHS = NO;
				CLANG_CXX_LANGUAGE_STANDARD = "gnu++0x";
				CLANG_CXX_LIBRARY = "libc++";
				CLANG_ENABLE_MODULES = YES;
				CLANG_ENABLE_OBJC_ARC = YES;
				CLANG_WARN_BOOL_CONVERSION = YES;
				CLANG_WARN_CONSTANT_CONVERSION = YES;
				CLANG_WARN_DIRECT_OBJC_ISA_USAGE = YES_ERROR;
				CLANG_WARN_EMPTY_BODY = YES;
				CLANG_WARN_ENUM_CONVERSION = YES;
				CLANG_WARN_INT_CONVERSION = YES;
				CLANG_WARN_OBJC_ROOT_CLASS = YES_ERROR;
				CLANG_WARN__DUPLICATE_METHOD_MATCH = YES;
				"CODE_SIGN_IDENTITY[sdk=iphoneos*]" = "iPhone Developer";
				COPY_PHASE_STRIP = YES;
				ENABLE_NS_ASSERTIONS = NO;
				GCC_C_LANGUAGE_STANDARD = gnu99;
				GCC_WARN_64_TO_32_BIT_CONVERSION = YES;
				GCC_WARN_ABOUT_RETURN_TYPE = YES_ERROR;
				GCC_WARN_UNDECLARED_SELECTOR = YES;
				GCC_WARN_UNINITIALIZED_AUTOS = YES_AGGRESSIVE;
				GCC_WARN_UNUSED_FUNCTION = YES;
				GCC_WARN_UNUSED_VARIABLE = YES;
				IPHONEOS_DEPLOYMENT_TARGET = 7.1;
				SDKROOT = iphoneos;
				VALIDATE_PRODUCT = YES;
			};
			name = Release;
		};
		271B654918EA6BC1004227B3 /* Debug */ = {
			isa = XCBuildConfiguration;
			buildSettings = {
				ASSETCATALOG_COMPILER_APPICON_NAME = AppIcon;
				ASSETCATALOG_COMPILER_LAUNCHIMAGE_NAME = LaunchImage;
				GCC_PRECOMPILE_PREFIX_HEADER = YES;
				GCC_PREFIX_HEADER = "PushBackDemo/PushBackDemo-Prefix.pch";
				INFOPLIST_FILE = "PushBackDemo/PushBackDemo-Info.plist";
				IPHONEOS_DEPLOYMENT_TARGET = 6.0;
				PRODUCT_NAME = "$(TARGET_NAME)";
				WRAPPER_EXTENSION = app;
			};
			name = Debug;
		};
		271B654A18EA6BC1004227B3 /* Release */ = {
			isa = XCBuildConfiguration;
			buildSettings = {
				ASSETCATALOG_COMPILER_APPICON_NAME = AppIcon;
				ASSETCATALOG_COMPILER_LAUNCHIMAGE_NAME = LaunchImage;
				GCC_PRECOMPILE_PREFIX_HEADER = YES;
				GCC_PREFIX_HEADER = "PushBackDemo/PushBackDemo-Prefix.pch";
				INFOPLIST_FILE = "PushBackDemo/PushBackDemo-Info.plist";
				IPHONEOS_DEPLOYMENT_TARGET = 6.0;
				PRODUCT_NAME = "$(TARGET_NAME)";
				WRAPPER_EXTENSION = app;
			};
			name = Release;
		};
		271B654C18EA6BC1004227B3 /* Debug */ = {
			isa = XCBuildConfiguration;
			buildSettings = {
				BUNDLE_LOADER = "$(BUILT_PRODUCTS_DIR)/PushBackDemo.app/PushBackDemo";
				FRAMEWORK_SEARCH_PATHS = (
					"$(SDKROOT)/Developer/Library/Frameworks",
					"$(inherited)",
					"$(DEVELOPER_FRAMEWORKS_DIR)",
				);
				GCC_PRECOMPILE_PREFIX_HEADER = YES;
				GCC_PREFIX_HEADER = "PushBackDemo/PushBackDemo-Prefix.pch";
				GCC_PREPROCESSOR_DEFINITIONS = (
					"DEBUG=1",
					"$(inherited)",
				);
				INFOPLIST_FILE = "PushBackDemoTests/PushBackDemoTests-Info.plist";
				PRODUCT_NAME = "$(TARGET_NAME)";
				TEST_HOST = "$(BUNDLE_LOADER)";
				WRAPPER_EXTENSION = xctest;
			};
			name = Debug;
		};
		271B654D18EA6BC1004227B3 /* Release */ = {
			isa = XCBuildConfiguration;
			buildSettings = {
				BUNDLE_LOADER = "$(BUILT_PRODUCTS_DIR)/PushBackDemo.app/PushBackDemo";
				FRAMEWORK_SEARCH_PATHS = (
					"$(SDKROOT)/Developer/Library/Frameworks",
					"$(inherited)",
					"$(DEVELOPER_FRAMEWORKS_DIR)",
				);
				GCC_PRECOMPILE_PREFIX_HEADER = YES;
				GCC_PREFIX_HEADER = "PushBackDemo/PushBackDemo-Prefix.pch";
				INFOPLIST_FILE = "PushBackDemoTests/PushBackDemoTests-Info.plist";
				PRODUCT_NAME = "$(TARGET_NAME)";
				TEST_HOST = "$(BUNDLE_LOADER)";
				WRAPPER_EXTENSION = xctest;
			};
			name = Release;
		};
/* End XCBuildConfiguration section */

/* Begin XCConfigurationList section */
		271B651718EA6BC1004227B3 /* Build configuration list for PBXProject "PushBackDemo" */ = {
			isa = XCConfigurationList;
			buildConfigurations = (
				271B654618EA6BC1004227B3 /* Debug */,
				271B654718EA6BC1004227B3 /* Release */,
			);
			defaultConfigurationIsVisible = 0;
			defaultConfigurationName = Release;
		};
		271B654818EA6BC1004227B3 /* Build configuration list for PBXNativeTarget "PushBackDemo" */ = {
			isa = XCConfigurationList;
			buildConfigurations = (
				271B654918EA6BC1004227B3 /* Debug */,
				271B654A18EA6BC1004227B3 /* Release */,
			);
			defaultConfigurationIsVisible = 0;
		};
		271B654B18EA6BC1004227B3 /* Build configuration list for PBXNativeTarget "PushBackDemoTests" */ = {
			isa = XCConfigurationList;
			buildConfigurations = (
				271B654C18EA6BC1004227B3 /* Debug */,
				271B654D18EA6BC1004227B3 /* Release */,
			);
			defaultConfigurationIsVisible = 0;
		};
/* End XCConfigurationList section */
	};
	rootObject = 271B651418EA6BC1004227B3 /* Project object */;
}
